
Microsoft Visual Studio Solution File, Format Version 12.00
# Visual Studio Version 16
VisualStudioVersion = 16.0.31624.102
MinimumVisualStudioVersion = 10.0.40219.1
Project("{FAE04EC0-301F-11D3-BF4B-00C04F79EFBC}") = "Lab6_CodeFirst", "Lab6_CodeFirst.csproj", "{D1DE9A9F-A5FB-4BBE-B871-81ED661F813A}"
EndProject
Project("{FAE04EC0-301F-11D3-BF4B-00C04F79EFBC}") = "Lab6_DBFirst", "..\Lab6_DBFirst\Lab6_DBFirst.csproj", "{40E932DC-67BF-4243-BA9A-D786F16D202F}"
EndProject
Global
	GlobalSection(SolutionConfigurationPlatforms) = preSolution
		Debug|Any CPU = Debug|Any CPU
		Release|Any CPU = Release|Any CPU
	EndGlobalSection
	GlobalSection(ProjectConfigurationPlatforms) = postSolution
		{D1DE9A9F-A5FB-4BBE-B871-81ED661F813A}.Debug|Any CPU.ActiveCfg = Debug|Any CPU
		{D1DE9A9F-A5FB-4BBE-B871-81ED661F813A}.Debug|Any CPU.Build.0 = Debug|Any CPU
		{D1DE9A9F-A5FB-4BBE-B871-81ED661F813A}.Release|Any CPU.ActiveCfg = Release|Any CPU
		{D1DE9A9F-A5FB-4BBE-B871-81ED661F813A}.Release|Any CPU.Build.0 = Release|Any CPU
		{40E932DC-67BF-4243-BA9A-D786F16D202F}.Debug|Any CPU.ActiveCfg = Debug|Any CPU
		{40E932DC-67BF-4243-BA9A-D786F16D202F}.Debug|Any CPU.Build.0 = Debug|Any CPU
		{40E932DC-67BF-4243-BA9A-D786F16D202F}.Release|Any CPU.ActiveCfg = Release|Any CPU
		{40E932DC-67BF-4243-BA9A-D786F16D202F}.Release|Any CPU.Build.0 = Release|Any CPU
	EndGlobalSection
	GlobalSection(SolutionProperties) = preSolution
		HideSolutionNode = FALSE
	EndGlobalSection
	GlobalSection(ExtensibilityGlobals) = postSolution
		SolutionGuid = {ED82860E-E07D-419F-B70B-4478A3C589D4}
	EndGlobalSection
EndGlobal
